// !$*UTF8*$!
{
	archiveVersion = 1;
	classes = {
	};
	objectVersion = 56;
	objects = {

/* Begin PBXBuildFile section */
		8D47CA3929E49D5400D456CB /* FooterView.swift in Sources */ = {isa = PBXBuildFile; fileRef = 8D47CA3829E49D5400D456CB /* FooterView.swift */; };
		8D47CA3B29E49D6E00D456CB /* ProductCell.swift in Sources */ = {isa = PBXBuildFile; fileRef = 8D47CA3A29E49D6E00D456CB /* ProductCell.swift */; };
		8D47CA3E29E49E8400D456CB /* Product.swift in Sources */ = {isa = PBXBuildFile; fileRef = 8D47CA3D29E49E8400D456CB /* Product.swift */; };
		8D4BD7A029E0FE8C00E282FD /* AppDelegate.swift in Sources */ = {isa = PBXBuildFile; fileRef = 8D4BD79F29E0FE8C00E282FD /* AppDelegate.swift */; };
		8D4BD7A229E0FE8C00E282FD /* SceneDelegate.swift in Sources */ = {isa = PBXBuildFile; fileRef = 8D4BD7A129E0FE8C00E282FD /* SceneDelegate.swift */; };
		8D4BD7A429E0FE8C00E282FD /* CollectionViewController.swift in Sources */ = {isa = PBXBuildFile; fileRef = 8D4BD7A329E0FE8C00E282FD /* CollectionViewController.swift */; };
		8D4BD7A729E0FE8C00E282FD /* Main.storyboard in Resources */ = {isa = PBXBuildFile; fileRef = 8D4BD7A529E0FE8C00E282FD /* Main.storyboard */; };
		8D4BD7A929E0FE8E00E282FD /* Assets.xcassets in Resources */ = {isa = PBXBuildFile; fileRef = 8D4BD7A829E0FE8E00E282FD /* Assets.xcassets */; };
		8D4BD7AC29E0FE8E00E282FD /* LaunchScreen.storyboard in Resources */ = {isa = PBXBuildFile; fileRef = 8D4BD7AA29E0FE8E00E282FD /* LaunchScreen.storyboard */; };
		8DDC70FD29E24E1A007045BD /* SDWebImage in Frameworks */ = {isa = PBXBuildFile; productRef = 8DDC70FC29E24E1A007045BD /* SDWebImage */; };
		8DDC710029E24F1B007045BD /* SnapKit in Frameworks */ = {isa = PBXBuildFile; productRef = 8DDC70FF29E24F1B007045BD /* SnapKit */; };
/* End PBXBuildFile section */

/* Begin PBXFileReference section */
		8D47CA3829E49D5400D456CB /* FooterView.swift */ = {isa = PBXFileReference; lastKnownFileType = sourcecode.swift; path = FooterView.swift; sourceTree = "<group>"; };
		8D47CA3A29E49D6E00D456CB /* ProductCell.swift */ = {isa = PBXFileReference; lastKnownFileType = sourcecode.swift; path = ProductCell.swift; sourceTree = "<group>"; };
		8D47CA3D29E49E8400D456CB /* Product.swift */ = {isa = PBXFileReference; lastKnownFileType = sourcecode.swift; path = Product.swift; sourceTree = "<group>"; };
		8D4BD79C29E0FE8C00E282FD /* comp-layout-demo.app */ = {isa = PBXFileReference; explicitFileType = wrapper.application; includeInIndex = 0; path = "comp-layout-demo.app"; sourceTree = BUILT_PRODUCTS_DIR; };
		8D4BD79F29E0FE8C00E282FD /* AppDelegate.swift */ = {isa = PBXFileReference; lastKnownFileType = sourcecode.swift; path = AppDelegate.swift; sourceTree = "<group>"; };
		8D4BD7A129E0FE8C00E282FD /* SceneDelegate.swift */ = {isa = PBXFileReference; lastKnownFileType = sourcecode.swift; path = SceneDelegate.swift; sourceTree = "<group>"; };
		8D4BD7A329E0FE8C00E282FD /* CollectionViewController.swift */ = {isa = PBXFileReference; lastKnownFileType = sourcecode.swift; path = CollectionViewController.swift; sourceTree = "<group>"; };
		8D4BD7A629E0FE8C00E282FD /* Base */ = {isa = PBXFileReference; lastKnownFileType = file.storyboard; name = Base; path = Base.lproj/Main.storyboard; sourceTree = "<group>"; };
		8D4BD7A829E0FE8E00E282FD /* Assets.xcassets */ = {isa = PBXFileReference; lastKnownFileType = folder.assetcatalog; path = Assets.xcassets; sourceTree = "<group>"; };
		8D4BD7AB29E0FE8E00E282FD /* Base */ = {isa = PBXFileReference; lastKnownFileType = file.storyboard; name = Base; path = Base.lproj/LaunchScreen.storyboard; sourceTree = "<group>"; };
		8D4BD7AD29E0FE8E00E282FD /* Info.plist */ = {isa = PBXFileReference; lastKnownFileType = text.plist.xml; path = Info.plist; sourceTree = "<group>"; };
/* End PBXFileReference section */

/* Begin PBXFrameworksBuildPhase section */
		8D4BD79929E0FE8C00E282FD /* Frameworks */ = {
			isa = PBXFrameworksBuildPhase;
			buildActionMask = 2147483647;
			files = (
				8DDC70FD29E24E1A007045BD /* SDWebImage in Frameworks */,
				8DDC710029E24F1B007045BD /* SnapKit in Frameworks */,
			);
			runOnlyForDeploymentPostprocessing = 0;
		};
/* End PBXFrameworksBuildPhase section */

/* Begin PBXGroup section */
		8D47CA3529E49D2100D456CB /* controller */ = {
			isa = PBXGroup;
			children = (
				8D4BD7A329E0FE8C00E282FD /* CollectionViewController.swift */,
			);
			path = controller;
			sourceTree = "<group>";
		};
		8D47CA3629E49D3200D456CB /* supporting files */ = {
			isa = PBXGroup;
			children = (
				8D4BD79F29E0FE8C00E282FD /* AppDelegate.swift */,
				8D4BD7A129E0FE8C00E282FD /* SceneDelegate.swift */,
				8D4BD7A529E0FE8C00E282FD /* Main.storyboard */,
				8D4BD7A829E0FE8E00E282FD /* Assets.xcassets */,
				8D4BD7AA29E0FE8E00E282FD /* LaunchScreen.storyboard */,
			);
			path = "supporting files";
			sourceTree = "<group>";
		};
		8D47CA3729E49D4300D456CB /* view */ = {
			isa = PBXGroup;
			children = (
				8D47CA3829E49D5400D456CB /* FooterView.swift */,
				8D47CA3A29E49D6E00D456CB /* ProductCell.swift */,
			);
			path = view;
			sourceTree = "<group>";
		};
		8D47CA3C29E49E7700D456CB /* model */ = {
			isa = PBXGroup;
			children = (
				8D47CA3D29E49E8400D456CB /* Product.swift */,
			);
			path = model;
			sourceTree = "<group>";
		};
		8D4BD79329E0FE8C00E282FD = {
			isa = PBXGroup;
			children = (
				8D4BD79E29E0FE8C00E282FD /* comp-layout-demo */,
				8D4BD79D29E0FE8C00E282FD /* Products */,
			);
			sourceTree = "<group>";
		};
		8D4BD79D29E0FE8C00E282FD /* Products */ = {
			isa = PBXGroup;
			children = (
				8D4BD79C29E0FE8C00E282FD /* comp-layout-demo.app */,
			);
			name = Products;
			sourceTree = "<group>";
		};
		8D4BD79E29E0FE8C00E282FD /* comp-layout-demo */ = {
			isa = PBXGroup;
			children = (
				8D47CA3C29E49E7700D456CB /* model */,
				8D47CA3729E49D4300D456CB /* view */,
				8D47CA3629E49D3200D456CB /* supporting files */,
				8D47CA3529E49D2100D456CB /* controller */,
				8D4BD7AD29E0FE8E00E282FD /* Info.plist */,
			);
			path = "comp-layout-demo";
			sourceTree = "<group>";
		};
/* End PBXGroup section */

/* Begin PBXNativeTarget section */
		8D4BD79B29E0FE8C00E282FD /* comp-layout-demo */ = {
			isa = PBXNativeTarget;
			buildConfigurationList = 8D4BD7B029E0FE8E00E282FD /* Build configuration list for PBXNativeTarget "comp-layout-demo" */;
			buildPhases = (
				8D4BD79829E0FE8C00E282FD /* Sources */,
				8D4BD79929E0FE8C00E282FD /* Frameworks */,
				8D4BD79A29E0FE8C00E282FD /* Resources */,
			);
			buildRules = (
			);
			dependencies = (
			);
			name = "comp-layout-demo";
			packageProductDependencies = (
				8DDC70FC29E24E1A007045BD /* SDWebImage */,
				8DDC70FF29E24F1B007045BD /* SnapKit */,
			);
			productName = "comp-layout-demo";
			productReference = 8D4BD79C29E0FE8C00E282FD /* comp-layout-demo.app */;
			productType = "com.apple.product-type.application";
		};
/* End PBXNativeTarget section */

/* Begin PBXProject section */
		8D4BD79429E0FE8C00E282FD /* Project object */ = {
			isa = PBXProject;
			attributes = {
				BuildIndependentTargetsInParallel = 1;
				LastSwiftUpdateCheck = 1420;
				LastUpgradeCheck = 1420;
				TargetAttributes = {
					8D4BD79B29E0FE8C00E282FD = {
						CreatedOnToolsVersion = 14.2;
					};
				};
			};
			buildConfigurationList = 8D4BD79729E0FE8C00E282FD /* Build configuration list for PBXProject "comp-layout-demo" */;
			compatibilityVersion = "Xcode 14.0";
			developmentRegion = en;
			hasScannedForEncodings = 0;
			knownRegions = (
				en,
				Base,
			);
			mainGroup = 8D4BD79329E0FE8C00E282FD;
			packageReferences = (
				8DDC70FB29E24E1A007045BD /* XCRemoteSwiftPackageReference "SDWebImage" */,
				8DDC70FE29E24F1B007045BD /* XCRemoteSwiftPackageReference "SnapKit" */,
			);
			productRefGroup = 8D4BD79D29E0FE8C00E282FD /* Products */;
			projectDirPath = "";
			projectRoot = "";
			targets = (
				8D4BD79B29E0FE8C00E282FD /* comp-layout-demo */,
			);
		};
/* End PBXProject section */

/* Begin PBXResourcesBuildPhase section */
		8D4BD79A29E0FE8C00E282FD /* Resources */ = {
			isa = PBXResourcesBuildPhase;
			buildActionMask = 2147483647;
			files = (
				8D4BD7AC29E0FE8E00E282FD /* LaunchScreen.storyboard in Resources */,
				8D4BD7A929E0FE8E00E282FD /* Assets.xcassets in Resources */,
				8D4BD7A729E0FE8C00E282FD /* Main.storyboard in Resources */,
			);
			runOnlyForDeploymentPostprocessing = 0;
		};
/* End PBXResourcesBuildPhase section */

/* Begin PBXSourcesBuildPhase section */
		8D4BD79829E0FE8C00E282FD /* Sources */ = {
			isa = PBXSourcesBuildPhase;
			buildActionMask = 2147483647;
			files = (
				8D4BD7A429E0FE8C00E282FD /* CollectionViewController.swift in Sources */,
				8D47CA3929E49D5400D456CB /* FooterView.swift in Sources */,
				8D47CA3B29E49D6E00D456CB /* ProductCell.swift in Sources */,
				8D4BD7A029E0FE8C00E282FD /* AppDelegate.swift in Sources */,
				8D4BD7A229E0FE8C00E282FD /* SceneDelegate.swift in Sources */,
				8D47CA3E29E49E8400D456CB /* Product.swift in Sources */,
			);
			runOnlyForDeploymentPostprocessing = 0;
		};
/* End PBXSourcesBuildPhase section */

/* Begin PBXVariantGroup section */
		8D4BD7A529E0FE8C00E282FD /* Main.storyboard */ = {
			isa = PBXVariantGroup;
			children = (
				8D4BD7A629E0FE8C00E282FD /* Base */,
			);
			name = Main.storyboard;
			sourceTree = "<group>";
		};
		8D4BD7AA29E0FE8E00E282FD /* LaunchScreen.storyboard */ = {
			isa = PBXVariantGroup;
			children = (
				8D4BD7AB29E0FE8E00E282FD /* Base */,
			);
			name = LaunchScreen.storyboard;
			sourceTree = "<group>";
		};
/* End PBXVariantGroup section */

/* Begin XCBuildConfiguration section */
		8D4BD7AE29E0FE8E00E282FD /* Debug */ = {
			isa = XCBuildConfiguration;
			buildSettings = {
				ALWAYS_SEARCH_USER_PATHS = NO;
				CLANG_ANALYZER_NONNULL = YES;
				CLANG_ANALYZER_NUMBER_OBJECT_CONVERSION = YES_AGGRESSIVE;
				CLANG_CXX_LANGUAGE_STANDARD = "gnu++20";
				CLANG_ENABLE_MODULES = YES;
				CLANG_ENABLE_OBJC_ARC = YES;
				CLANG_ENABLE_OBJC_WEAK = YES;
				CLANG_WARN_BLOCK_CAPTURE_AUTORELEASING = YES;
				CLANG_WARN_BOOL_CONVERSION = YES;
				CLANG_WARN_COMMA = YES;
				CLANG_WARN_CONSTANT_CONVERSION = YES;
				CLANG_WARN_DEPRECATED_OBJC_IMPLEMENTATIONS = YES;
				CLANG_WARN_DIRECT_OBJC_ISA_USAGE = YES_ERROR;
				CLANG_WARN_DOCUMENTATION_COMMENTS = YES;
				CLANG_WARN_EMPTY_BODY = YES;
				CLANG_WARN_ENUM_CONVERSION = YES;
				CLANG_WARN_INFINITE_RECURSION = YES;
				CLANG_WARN_INT_CONVERSION = YES;
				CLANG_WARN_NON_LITERAL_NULL_CONVERSION = YES;
				CLANG_WARN_OBJC_IMPLICIT_RETAIN_SELF = YES;
				CLANG_WARN_OBJC_LITERAL_CONVERSION = YES;
				CLANG_WARN_OBJC_ROOT_CLASS = YES_ERROR;
				CLANG_WARN_QUOTED_INCLUDE_IN_FRAMEWORK_HEADER = YES;
				CLANG_WARN_RANGE_LOOP_ANALYSIS = YES;
				CLANG_WARN_STRICT_PROTOTYPES = YES;
				CLANG_WARN_SUSPICIOUS_MOVE = YES;
				CLANG_WARN_UNGUARDED_AVAILABILITY = YES_AGGRESSIVE;
				CLANG_WARN_UNREACHABLE_CODE = YES;
				CLANG_WARN__DUPLICATE_METHOD_MATCH = YES;
				COPY_PHASE_STRIP = NO;
				DEBUG_INFORMATION_FORMAT = dwarf;
				ENABLE_STRICT_OBJC_MSGSEND = YES;
				ENABLE_TESTABILITY = YES;
				GCC_C_LANGUAGE_STANDARD = gnu11;
				GCC_DYNAMIC_NO_PIC = NO;
				GCC_NO_COMMON_BLOCKS = YES;
				GCC_OPTIMIZATION_LEVEL = 0;
				GCC_PREPROCESSOR_DEFINITIONS = (
					"DEBUG=1",
					"$(inherited)",
				);
				GCC_WARN_64_TO_32_BIT_CONVERSION = YES;
				GCC_WARN_ABOUT_RETURN_TYPE = YES_ERROR;
				GCC_WARN_UNDECLARED_SELECTOR = YES;
				GCC_WARN_UNINITIALIZED_AUTOS = YES_AGGRESSIVE;
				GCC_WARN_UNUSED_FUNCTION = YES;
				GCC_WARN_UNUSED_VARIABLE = YES;
				IPHONEOS_DEPLOYMENT_TARGET = 16.2;
				MTL_ENABLE_DEBUG_INFO = INCLUDE_SOURCE;
				MTL_FAST_MATH = YES;
				ONLY_ACTIVE_ARCH = YES;
				SDKROOT = iphoneos;
				SWIFT_ACTIVE_COMPILATION_CONDITIONS = DEBUG;
				SWIFT_OPTIMIZATION_LEVEL = "-Onone";
			};
			name = Debug;
		};
		8D4BD7AF29E0FE8E00E282FD /* Release */ = {
			isa = XCBuildConfiguration;
			buildSettings = {
				ALWAYS_SEARCH_USER_PATHS = NO;
				CLANG_ANALYZER_NONNULL = YES;
				CLANG_ANALYZER_NUMBER_OBJECT_CONVERSION = YES_AGGRESSIVE;
				CLANG_CXX_LANGUAGE_STANDARD = "gnu++20";
				CLANG_ENABLE_MODULES = YES;
				CLANG_ENABLE_OBJC_ARC = YES;
				CLANG_ENABLE_OBJC_WEAK = YES;
				CLANG_WARN_BLOCK_CAPTURE_AUTORELEASING = YES;
				CLANG_WARN_BOOL_CONVERSION = YES;
				CLANG_WARN_COMMA = YES;
				CLANG_WARN_CONSTANT_CONVERSION = YES;
				CLANG_WARN_DEPRECATED_OBJC_IMPLEMENTATIONS = YES;
				CLANG_WARN_DIRECT_OBJC_ISA_USAGE = YES_ERROR;
				CLANG_WARN_DOCUMENTATION_COMMENTS = YES;
				CLANG_WARN_EMPTY_BODY = YES;
				CLANG_WARN_ENUM_CONVERSION = YES;
				CLANG_WARN_INFINITE_RECURSION = YES;
				CLANG_WARN_INT_CONVERSION = YES;
				CLANG_WARN_NON_LITERAL_NULL_CONVERSION = YES;
				CLANG_WARN_OBJC_IMPLICIT_RETAIN_SELF = YES;
				CLANG_WARN_OBJC_LITERAL_CONVERSION = YES;
				CLANG_WARN_OBJC_ROOT_CLASS = YES_ERROR;
				CLANG_WARN_QUOTED_INCLUDE_IN_FRAMEWORK_HEADER = YES;
				CLANG_WARN_RANGE_LOOP_ANALYSIS = YES;
				CLANG_WARN_STRICT_PROTOTYPES = YES;
				CLANG_WARN_SUSPICIOUS_MOVE = YES;
				CLANG_WARN_UNGUARDED_AVAILABILITY = YES_AGGRESSIVE;
				CLANG_WARN_UNREACHABLE_CODE = YES;
				CLANG_WARN__DUPLICATE_METHOD_MATCH = YES;
				COPY_PHASE_STRIP = NO;
				DEBUG_INFORMATION_FORMAT = "dwarf-with-dsym";
				ENABLE_NS_ASSERTIONS = NO;
				ENABLE_STRICT_OBJC_MSGSEND = YES;
				GCC_C_LANGUAGE_STANDARD = gnu11;
				GCC_NO_COMMON_BLOCKS = YES;
				GCC_WARN_64_TO_32_BIT_CONVERSION = YES;
				GCC_WARN_ABOUT_RETURN_TYPE = YES_ERROR;
				GCC_WARN_UNDECLARED_SELECTOR = YES;
				GCC_WARN_UNINITIALIZED_AUTOS = YES_AGGRESSIVE;
				GCC_WARN_UNUSED_FUNCTION = YES;
				GCC_WARN_UNUSED_VARIABLE = YES;
				IPHONEOS_DEPLOYMENT_TARGET = 16.2;
				MTL_ENABLE_DEBUG_INFO = NO;
				MTL_FAST_MATH = YES;
				SDKROOT = iphoneos;
				SWIFT_COMPILATION_MODE = wholemodule;
				SWIFT_OPTIMIZATION_LEVEL = "-O";
				VALIDATE_PRODUCT = YES;
			};
			name = Release;
		};
		8D4BD7B129E0FE8E00E282FD /* Debug */ = {
			isa = XCBuildConfiguration;
			buildSettings = {
				ASSETCATALOG_COMPILER_APPICON_NAME = AppIcon;
				ASSETCATALOG_COMPILER_GLOBAL_ACCENT_COLOR_NAME = AccentColor;
				CODE_SIGN_STYLE = Automatic;
				CURRENT_PROJECT_VERSION = 1;
				GENERATE_INFOPLIST_FILE = YES;
				INFOPLIST_FILE = "comp-layout-demo/Info.plist";
				INFOPLIST_KEY_UIApplicationSupportsIndirectInputEvents = YES;
				INFOPLIST_KEY_UILaunchStoryboardName = LaunchScreen;
				INFOPLIST_KEY_UIMainStoryboardFile = Main;
				INFOPLIST_KEY_UISupportedInterfaceOrientations_iPad = "UIInterfaceOrientationPortrait UIInterfaceOrientationPortraitUpsideDown UIInterfaceOrientationLandscapeLeft UIInterfaceOrientationLandscapeRight";
				INFOPLIST_KEY_UISupportedInterfaceOrientations_iPhone = "UIInterfaceOrientationPortrait UIInterfaceOrientationLandscapeLeft UIInterfaceOrientationLandscapeRight";
				LD_RUNPATH_SEARCH_PATHS = (
					"$(inherited)",
					"@executable_path/Frameworks",
				);
				MARKETING_VERSION = 1.0;
				PRODUCT_BUNDLE_IDENTIFIER = "com.comp-layout-demo";
				PRODUCT_NAME = "$(TARGET_NAME)";
				SWIFT_EMIT_LOC_STRINGS = YES;
				SWIFT_VERSION = 5.0;
				TARGETED_DEVICE_FAMILY = "1,2";
			};
			name = Debug;
		};
		8D4BD7B229E0FE8E00E282FD /* Release */ = {
			isa = XCBuildConfiguration;
			buildSettings = {
				ASSETCATALOG_COMPILER_APPICON_NAME = AppIcon;
				ASSETCATALOG_COMPILER_GLOBAL_ACCENT_COLOR_NAME = AccentColor;
				CODE_SIGN_STYLE = Automatic;
				CURRENT_PROJECT_VERSION = 1;
				GENERATE_INFOPLIST_FILE = YES;
				INFOPLIST_FILE = "comp-layout-demo/Info.plist";
				INFOPLIST_KEY_UIApplicationSupportsIndirectInputEvents = YES;
				INFOPLIST_KEY_UILaunchStoryboardName = LaunchScreen;
				INFOPLIST_KEY_UIMainStoryboardFile = Main;
				INFOPLIST_KEY_UISupportedInterfaceOrientations_iPad = "UIInterfaceOrientationPortrait UIInterfaceOrientationPortraitUpsideDown UIInterfaceOrientationLandscapeLeft UIInterfaceOrientationLandscapeRight";
				INFOPLIST_KEY_UISupportedInterfaceOrientations_iPhone = "UIInterfaceOrientationPortrait UIInterfaceOrientationLandscapeLeft UIInterfaceOrientationLandscapeRight";
				LD_RUNPATH_SEARCH_PATHS = (
					"$(inherited)",
					"@executable_path/Frameworks",
				);
				MARKETING_VERSION = 1.0;
				PRODUCT_BUNDLE_IDENTIFIER = "com.comp-layout-demo";
				PRODUCT_NAME = "$(TARGET_NAME)";
				SWIFT_EMIT_LOC_STRINGS = YES;
				SWIFT_VERSION = 5.0;
				TARGETED_DEVICE_FAMILY = "1,2";
			};
			name = Release;
		};
/* End XCBuildConfiguration section */

/* Begin XCConfigurationList section */
		8D4BD79729E0FE8C00E282FD /* Build configuration list for PBXProject "comp-layout-demo" */ = {
			isa = XCConfigurationList;
			buildConfigurations = (
				8D4BD7AE29E0FE8E00E282FD /* Debug */,
				8D4BD7AF29E0FE8E00E282FD /* Release */,
			);
			defaultConfigurationIsVisible = 0;
			defaultConfigurationName = Release;
		};
		8D4BD7B029E0FE8E00E282FD /* Build configuration list for PBXNativeTarget "comp-layout-demo" */ = {
			isa = XCConfigurationList;
			buildConfigurations = (
				8D4BD7B129E0FE8E00E282FD /* Debug */,
				8D4BD7B229E0FE8E00E282FD /* Release */,
			);
			defaultConfigurationIsVisible = 0;
			defaultConfigurationName = Release;
		};
/* End XCConfigurationList section */

/* Begin XCRemoteSwiftPackageReference section */
		8DDC70FB29E24E1A007045BD /* XCRemoteSwiftPackageReference "SDWebImage" */ = {
			isa = XCRemoteSwiftPackageReference;
			repositoryURL = "https://github.com/SDWebImage/SDWebImage";
			requirement = {
				branch = master;
				kind = branch;
			};
		};
		8DDC70FE29E24F1B007045BD /* XCRemoteSwiftPackageReference "SnapKit" */ = {
			isa = XCRemoteSwiftPackageReference;
			repositoryURL = "https://github.com/SnapKit/SnapKit";
			requirement = {
				branch = develop;
				kind = branch;
			};
		};
/* End XCRemoteSwiftPackageReference section */

/* Begin XCSwiftPackageProductDependency section */
		8DDC70FC29E24E1A007045BD /* SDWebImage */ = {
			isa = XCSwiftPackageProductDependency;
			package = 8DDC70FB29E24E1A007045BD /* XCRemoteSwiftPackageReference "SDWebImage" */;
			productName = SDWebImage;
		};
		8DDC70FF29E24F1B007045BD /* SnapKit */ = {
			isa = XCSwiftPackageProductDependency;
			package = 8DDC70FE29E24F1B007045BD /* XCRemoteSwiftPackageReference "SnapKit" */;
			productName = SnapKit;
		};
/* End XCSwiftPackageProductDependency section */
	};
	rootObject = 8D4BD79429E0FE8C00E282FD /* Project object */;
}
